
Microsoft Visual Studio Solution File, Format Version 11.00
# Visual Studio 2010
Project("{FAE04EC0-301F-11D3-BF4B-00C04F79EFBC}") = "Assembly-CSharp-firstpass", "Assembly-CSharp-firstpass.csproj", "{71C823EA-95A1-E301-8C98-BCC5978CF9F4}"
EndProject
Project("{FAE04EC0-301F-11D3-BF4B-00C04F79EFBC}") = "Assembly-CSharp", "Assembly-CSharp.csproj", "{EF28A46A-836F-0FFE-9497-5435F64B55FA}"
EndProject
Global
	GlobalSection(SolutionConfigurationPlatforms) = preSolution
		Debug|Any CPU = Debug|Any CPU
		Release|Any CPU = Release|Any CPU
	EndGlobalSection
	GlobalSection(ProjectConfigurationPlatforms) = postSolution
		{71C823EA-95A1-E301-8C98-BCC5978CF9F4}.Debug|Any CPU.ActiveCfg = Debug|Any CPU
		{71C823EA-95A1-E301-8C98-BCC5978CF9F4}.Debug|Any CPU.Build.0 = Debug|Any CPU
		{71C823EA-95A1-E301-8C98-BCC5978CF9F4}.Release|Any CPU.ActiveCfg = Release|Any CPU
		{71C823EA-95A1-E301-8C98-BCC5978CF9F4}.Release|Any CPU.Build.0 = Release|Any CPU
		{EF28A46A-836F-0FFE-9497-5435F64B55FA}.Debug|Any CPU.ActiveCfg = Debug|Any CPU
		{EF28A46A-836F-0FFE-9497-5435F64B55FA}.Debug|Any CPU.Build.0 = Debug|Any CPU
		{EF28A46A-836F-0FFE-9497-5435F64B55FA}.Release|Any CPU.ActiveCfg = Release|Any CPU
		{EF28A46A-836F-0FFE-9497-5435F64B55FA}.Release|Any CPU.Build.0 = Release|Any CPU
	EndGlobalSection
	GlobalSection(SolutionProperties) = preSolution
		HideSolutionNode = FALSE
	EndGlobalSection
EndGlobal
